
Microsoft Visual Studio Solution File, Format Version 12.00
# Visual Studio Version 16
VisualStudioVersion = 25.0.1704.2
MinimumVisualStudioVersion = 10.0.40219.1
Project("{FAE04EC0-301F-11D3-BF4B-00C04F79EFBC}") = "pharmaManagement", "pharmaManagement\pharmaManagement.csproj", "{7565884E-216A-41A5-964A-D2FB3F459375}"
EndProject
Project("{FAE04EC0-301F-11D3-BF4B-00C04F79EFBC}") = "APIGateway", "..\APIGateway\APIGateway.csproj", "{B7D7948F-C0D6-4C0C-87B1-7CE89D905F72}"
EndProject
Global
	GlobalSection(SolutionConfigurationPlatforms) = preSolution
		Debug|Any CPU = Debug|Any CPU
		Release|Any CPU = Release|Any CPU
	EndGlobalSection
	GlobalSection(ProjectConfigurationPlatforms) = postSolution
		{7565884E-216A-41A5-964A-D2FB3F459375}.Debug|Any CPU.ActiveCfg = Debug|Any CPU
		{7565884E-216A-41A5-964A-D2FB3F459375}.Debug|Any CPU.Build.0 = Debug|Any CPU
		{7565884E-216A-41A5-964A-D2FB3F459375}.Release|Any CPU.ActiveCfg = Release|Any CPU
		{7565884E-216A-41A5-964A-D2FB3F459375}.Release|Any CPU.Build.0 = Release|Any CPU
		{B7D7948F-C0D6-4C0C-87B1-7CE89D905F72}.Debug|Any CPU.ActiveCfg = Debug|Any CPU
		{B7D7948F-C0D6-4C0C-87B1-7CE89D905F72}.Debug|Any CPU.Build.0 = Debug|Any CPU
		{B7D7948F-C0D6-4C0C-87B1-7CE89D905F72}.Release|Any CPU.ActiveCfg = Release|Any CPU
		{B7D7948F-C0D6-4C0C-87B1-7CE89D905F72}.Release|Any CPU.Build.0 = Release|Any CPU
	EndGlobalSection
	GlobalSection(SolutionProperties) = preSolution
		HideSolutionNode = FALSE
	EndGlobalSection
	GlobalSection(ExtensibilityGlobals) = postSolution
		SolutionGuid = {01781007-B879-4AC5-B01E-139D89BB1639}
	EndGlobalSection
EndGlobal
